
Microsoft Visual Studio Solution File, Format Version 12.00
# Visual Studio 15
VisualStudioVersion = 15.0.28307.106
MinimumVisualStudioVersion = 10.0.40219.1
Project("{FAE04EC0-301F-11D3-BF4B-00C04F79EFBC}") = "MRZScannerForms.Android", "MRZScannerForms\MRZScannerForms.Android\MRZScannerForms.Android.csproj", "{92F6CA96-1C5A-4A77-94D0-8325CC50B333}"
EndProject
Project("{FAE04EC0-301F-11D3-BF4B-00C04F79EFBC}") = "MRZScannerForms.iOS", "MRZScannerForms\MRZScannerForms.iOS\MRZScannerForms.iOS.csproj", "{9684AF4B-BA6A-477E-B744-FE6C770418AA}"
EndProject
Project("{FAE04EC0-301F-11D3-BF4B-00C04F79EFBC}") = "MRZScannerForms", "MRZScannerForms\MRZScannerForms\MRZScannerForms.csproj", "{E238A167-44E8-49B3-9C36-752BB5F2D544}"
EndProject
Global
	GlobalSection(SolutionConfigurationPlatforms) = preSolution
		Ad-Hoc|Any CPU = Ad-Hoc|Any CPU
		Ad-Hoc|ARM = Ad-Hoc|ARM
		Ad-Hoc|iPhone = Ad-Hoc|iPhone
		Ad-Hoc|iPhoneSimulator = Ad-Hoc|iPhoneSimulator
		AppStore|Any CPU = AppStore|Any CPU
		AppStore|ARM = AppStore|ARM
		AppStore|iPhone = AppStore|iPhone
		AppStore|iPhoneSimulator = AppStore|iPhoneSimulator
		Debug|Any CPU = Debug|Any CPU
		Debug|ARM = Debug|ARM
		Debug|iPhone = Debug|iPhone
		Debug|iPhoneSimulator = Debug|iPhoneSimulator
		Release|Any CPU = Release|Any CPU
		Release|ARM = Release|ARM
		Release|iPhone = Release|iPhone
		Release|iPhoneSimulator = Release|iPhoneSimulator
	EndGlobalSection
	GlobalSection(ProjectConfigurationPlatforms) = postSolution
		{92F6CA96-1C5A-4A77-94D0-8325CC50B333}.Ad-Hoc|Any CPU.ActiveCfg = Release|Any CPU
		{92F6CA96-1C5A-4A77-94D0-8325CC50B333}.Ad-Hoc|Any CPU.Build.0 = Release|Any CPU
		{92F6CA96-1C5A-4A77-94D0-8325CC50B333}.Ad-Hoc|Any CPU.Deploy.0 = Release|Any CPU
		{92F6CA96-1C5A-4A77-94D0-8325CC50B333}.Ad-Hoc|ARM.ActiveCfg = Release|Any CPU
		{92F6CA96-1C5A-4A77-94D0-8325CC50B333}.Ad-Hoc|ARM.Build.0 = Release|Any CPU
		{92F6CA96-1C5A-4A77-94D0-8325CC50B333}.Ad-Hoc|ARM.Deploy.0 = Release|Any CPU
		{92F6CA96-1C5A-4A77-94D0-8325CC50B333}.Ad-Hoc|iPhone.ActiveCfg = Release|Any CPU
		{92F6CA96-1C5A-4A77-94D0-8325CC50B333}.Ad-Hoc|iPhone.Build.0 = Release|Any CPU
		{92F6CA96-1C5A-4A77-94D0-8325CC50B333}.Ad-Hoc|iPhone.Deploy.0 = Release|Any CPU
		{92F6CA96-1C5A-4A77-94D0-8325CC50B333}.Ad-Hoc|iPhoneSimulator.ActiveCfg = Release|Any CPU
		{92F6CA96-1C5A-4A77-94D0-8325CC50B333}.Ad-Hoc|iPhoneSimulator.Build.0 = Release|Any CPU
		{92F6CA96-1C5A-4A77-94D0-8325CC50B333}.Ad-Hoc|iPhoneSimulator.Deploy.0 = Release|Any CPU
		{92F6CA96-1C5A-4A77-94D0-8325CC50B333}.AppStore|Any CPU.ActiveCfg = Release|Any CPU
		{92F6CA96-1C5A-4A77-94D0-8325CC50B333}.AppStore|Any CPU.Build.0 = Release|Any CPU
		{92F6CA96-1C5A-4A77-94D0-8325CC50B333}.AppStore|Any CPU.Deploy.0 = Release|Any CPU
		{92F6CA96-1C5A-4A77-94D0-8325CC50B333}.AppStore|ARM.ActiveCfg = Release|Any CPU
		{92F6CA96-1C5A-4A77-94D0-8325CC50B333}.AppStore|ARM.Build.0 = Release|Any CPU
		{92F6CA96-1C5A-4A77-94D0-8325CC50B333}.AppStore|ARM.Deploy.0 = Release|Any CPU
		{92F6CA96-1C5A-4A77-94D0-8325CC50B333}.AppStore|iPhone.ActiveCfg = Release|Any CPU
		{92F6CA96-1C5A-4A77-94D0-8325CC50B333}.AppStore|iPhone.Build.0 = Release|Any CPU
		{92F6CA96-1C5A-4A77-94D0-8325CC50B333}.AppStore|iPhone.Deploy.0 = Release|Any CPU
		{92F6CA96-1C5A-4A77-94D0-8325CC50B333}.AppStore|iPhoneSimulator.ActiveCfg = Release|Any CPU
		{92F6CA96-1C5A-4A77-94D0-8325CC50B333}.AppStore|iPhoneSimulator.Build.0 = Release|Any CPU
		{92F6CA96-1C5A-4A77-94D0-8325CC50B333}.AppStore|iPhoneSimulator.Deploy.0 = Release|Any CPU
		{92F6CA96-1C5A-4A77-94D0-8325CC50B333}.Debug|Any CPU.ActiveCfg = Debug|Any CPU
		{92F6CA96-1C5A-4A77-94D0-8325CC50B333}.Debug|Any CPU.Build.0 = Debug|Any CPU
		{92F6CA96-1C5A-4A77-94D0-8325CC50B333}.Debug|Any CPU.Deploy.0 = Debug|Any CPU
		{92F6CA96-1C5A-4A77-94D0-8325CC50B333}.Debug|ARM.ActiveCfg = Debug|Any CPU
		{92F6CA96-1C5A-4A77-94D0-8325CC50B333}.Debug|ARM.Build.0 = Debug|Any CPU
		{92F6CA96-1C5A-4A77-94D0-8325CC50B333}.Debug|ARM.Deploy.0 = Debug|Any CPU
		{92F6CA96-1C5A-4A77-94D0-8325CC50B333}.Debug|iPhone.ActiveCfg = Debug|Any CPU
		{92F6CA96-1C5A-4A77-94D0-8325CC50B333}.Debug|iPhone.Build.0 = Debug|Any CPU
		{92F6CA96-1C5A-4A77-94D0-8325CC50B333}.Debug|iPhone.Deploy.0 = Debug|Any CPU
		{92F6CA96-1C5A-4A77-94D0-8325CC50B333}.Debug|iPhoneSimulator.ActiveCfg = Debug|Any CPU
		{92F6CA96-1C5A-4A77-94D0-8325CC50B333}.Debug|iPhoneSimulator.Build.0 = Debug|Any CPU
		{92F6CA96-1C5A-4A77-94D0-8325CC50B333}.Debug|iPhoneSimulator.Deploy.0 = Debug|Any CPU
		{92F6CA96-1C5A-4A77-94D0-8325CC50B333}.Release|Any CPU.ActiveCfg = Release|Any CPU
		{92F6CA96-1C5A-4A77-94D0-8325CC50B333}.Release|Any CPU.Build.0 = Release|Any CPU
		{92F6CA96-1C5A-4A77-94D0-8325CC50B333}.Release|Any CPU.Deploy.0 = Release|Any CPU
		{92F6CA96-1C5A-4A77-94D0-8325CC50B333}.Release|ARM.ActiveCfg = Release|Any CPU
		{92F6CA96-1C5A-4A77-94D0-8325CC50B333}.Release|ARM.Build.0 = Release|Any CPU
		{92F6CA96-1C5A-4A77-94D0-8325CC50B333}.Release|ARM.Deploy.0 = Release|Any CPU
		{92F6CA96-1C5A-4A77-94D0-8325CC50B333}.Release|iPhone.ActiveCfg = Release|Any CPU
		{92F6CA96-1C5A-4A77-94D0-8325CC50B333}.Release|iPhone.Build.0 = Release|Any CPU
		{92F6CA96-1C5A-4A77-94D0-8325CC50B333}.Release|iPhone.Deploy.0 = Release|Any CPU
		{92F6CA96-1C5A-4A77-94D0-8325CC50B333}.Release|iPhoneSimulator.ActiveCfg = Release|Any CPU
		{92F6CA96-1C5A-4A77-94D0-8325CC50B333}.Release|iPhoneSimulator.Build.0 = Release|Any CPU
		{92F6CA96-1C5A-4A77-94D0-8325CC50B333}.Release|iPhoneSimulator.Deploy.0 = Release|Any CPU
		{9684AF4B-BA6A-477E-B744-FE6C770418AA}.Ad-Hoc|Any CPU.ActiveCfg = Ad-Hoc|iPhone
		{9684AF4B-BA6A-477E-B744-FE6C770418AA}.Ad-Hoc|Any CPU.Build.0 = Ad-Hoc|iPhone
		{9684AF4B-BA6A-477E-B744-FE6C770418AA}.Ad-Hoc|Any CPU.Deploy.0 = Ad-Hoc|iPhone
		{9684AF4B-BA6A-477E-B744-FE6C770418AA}.Ad-Hoc|ARM.ActiveCfg = Ad-Hoc|iPhone
		{9684AF4B-BA6A-477E-B744-FE6C770418AA}.Ad-Hoc|iPhone.ActiveCfg = Ad-Hoc|iPhone
		{9684AF4B-BA6A-477E-B744-FE6C770418AA}.Ad-Hoc|iPhone.Build.0 = Ad-Hoc|iPhone
		{9684AF4B-BA6A-477E-B744-FE6C770418AA}.Ad-Hoc|iPhone.Deploy.0 = Ad-Hoc|iPhone
		{9684AF4B-BA6A-477E-B744-FE6C770418AA}.Ad-Hoc|iPhoneSimulator.ActiveCfg = Ad-Hoc|iPhoneSimulator
		{9684AF4B-BA6A-477E-B744-FE6C770418AA}.Ad-Hoc|iPhoneSimulator.Build.0 = Ad-Hoc|iPhoneSimulator
		{9684AF4B-BA6A-477E-B744-FE6C770418AA}.Ad-Hoc|iPhoneSimulator.Deploy.0 = Ad-Hoc|iPhoneSimulator
		{9684AF4B-BA6A-477E-B744-FE6C770418AA}.AppStore|Any CPU.ActiveCfg = AppStore|iPhone
		{9684AF4B-BA6A-477E-B744-FE6C770418AA}.AppStore|Any CPU.Build.0 = AppStore|iPhone
		{9684AF4B-BA6A-477E-B744-FE6C770418AA}.AppStore|Any CPU.Deploy.0 = AppStore|iPhone
		{9684AF4B-BA6A-477E-B744-FE6C770418AA}.AppStore|ARM.ActiveCfg = AppStore|iPhone
		{9684AF4B-BA6A-477E-B744-FE6C770418AA}.AppStore|iPhone.ActiveCfg = AppStore|iPhone
		{9684AF4B-BA6A-477E-B744-FE6C770418AA}.AppStore|iPhone.Build.0 = AppStore|iPhone
		{9684AF4B-BA6A-477E-B744-FE6C770418AA}.AppStore|iPhone.Deploy.0 = AppStore|iPhone
		{9684AF4B-BA6A-477E-B744-FE6C770418AA}.AppStore|iPhoneSimulator.ActiveCfg = AppStore|iPhoneSimulator
		{9684AF4B-BA6A-477E-B744-FE6C770418AA}.AppStore|iPhoneSimulator.Build.0 = AppStore|iPhoneSimulator
		{9684AF4B-BA6A-477E-B744-FE6C770418AA}.AppStore|iPhoneSimulator.Deploy.0 = AppStore|iPhoneSimulator
		{9684AF4B-BA6A-477E-B744-FE6C770418AA}.Debug|Any CPU.ActiveCfg = Debug|iPhoneSimulator
		{9684AF4B-BA6A-477E-B744-FE6C770418AA}.Debug|Any CPU.Build.0 = Debug|iPhoneSimulator
		{9684AF4B-BA6A-477E-B744-FE6C770418AA}.Debug|Any CPU.Deploy.0 = Debug|iPhoneSimulator
		{9684AF4B-BA6A-477E-B744-FE6C770418AA}.Debug|ARM.ActiveCfg = Debug|iPhone
		{9684AF4B-BA6A-477E-B744-FE6C770418AA}.Debug|iPhone.ActiveCfg = Debug|iPhone
		{9684AF4B-BA6A-477E-B744-FE6C770418AA}.Debug|iPhone.Build.0 = Debug|iPhone
		{9684AF4B-BA6A-477E-B744-FE6C770418AA}.Debug|iPhone.Deploy.0 = Debug|iPhone
		{9684AF4B-BA6A-477E-B744-FE6C770418AA}.Debug|iPhoneSimulator.ActiveCfg = Debug|iPhoneSimulator
		{9684AF4B-BA6A-477E-B744-FE6C770418AA}.Debug|iPhoneSimulator.Build.0 = Debug|iPhoneSimulator
		{9684AF4B-BA6A-477E-B744-FE6C770418AA}.Debug|iPhoneSimulator.Deploy.0 = Debug|iPhoneSimulator
		{9684AF4B-BA6A-477E-B744-FE6C770418AA}.Release|Any CPU.ActiveCfg = Release|iPhone
		{9684AF4B-BA6A-477E-B744-FE6C770418AA}.Release|Any CPU.Build.0 = Release|iPhone
		{9684AF4B-BA6A-477E-B744-FE6C770418AA}.Release|Any CPU.Deploy.0 = Release|iPhone
		{9684AF4B-BA6A-477E-B744-FE6C770418AA}.Release|ARM.ActiveCfg = Release|iPhone
		{9684AF4B-BA6A-477E-B744-FE6C770418AA}.Release|iPhone.ActiveCfg = Release|iPhone
		{9684AF4B-BA6A-477E-B744-FE6C770418AA}.Release|iPhone.Build.0 = Release|iPhone
		{9684AF4B-BA6A-477E-B744-FE6C770418AA}.Release|iPhone.Deploy.0 = Release|iPhone
		{9684AF4B-BA6A-477E-B744-FE6C770418AA}.Release|iPhoneSimulator.ActiveCfg = Release|iPhoneSimulator
		{9684AF4B-BA6A-477E-B744-FE6C770418AA}.Release|iPhoneSimulator.Build.0 = Release|iPhoneSimulator
		{9684AF4B-BA6A-477E-B744-FE6C770418AA}.Release|iPhoneSimulator.Deploy.0 = Release|iPhoneSimulator
		{E238A167-44E8-49B3-9C36-752BB5F2D544}.Ad-Hoc|Any CPU.ActiveCfg = Debug|Any CPU
		{E238A167-44E8-49B3-9C36-752BB5F2D544}.Ad-Hoc|Any CPU.Build.0 = Debug|Any CPU
		{E238A167-44E8-49B3-9C36-752BB5F2D544}.Ad-Hoc|Any CPU.Deploy.0 = Debug|Any CPU
		{E238A167-44E8-49B3-9C36-752BB5F2D544}.Ad-Hoc|ARM.ActiveCfg = Debug|Any CPU
		{E238A167-44E8-49B3-9C36-752BB5F2D544}.Ad-Hoc|ARM.Build.0 = Debug|Any CPU
		{E238A167-44E8-49B3-9C36-752BB5F2D544}.Ad-Hoc|iPhone.ActiveCfg = Debug|Any CPU
		{E238A167-44E8-49B3-9C36-752BB5F2D544}.Ad-Hoc|iPhone.Build.0 = Debug|Any CPU
		{E238A167-44E8-49B3-9C36-752BB5F2D544}.Ad-Hoc|iPhone.Deploy.0 = Debug|Any CPU
		{E238A167-44E8-49B3-9C36-752BB5F2D544}.Ad-Hoc|iPhoneSimulator.ActiveCfg = Debug|Any CPU
		{E238A167-44E8-49B3-9C36-752BB5F2D544}.Ad-Hoc|iPhoneSimulator.Build.0 = Debug|Any CPU
		{E238A167-44E8-49B3-9C36-752BB5F2D544}.Ad-Hoc|iPhoneSimulator.Deploy.0 = Debug|Any CPU
		{E238A167-44E8-49B3-9C36-752BB5F2D544}.AppStore|Any CPU.ActiveCfg = Debug|Any CPU
		{E238A167-44E8-49B3-9C36-752BB5F2D544}.AppStore|Any CPU.Build.0 = Debug|Any CPU
		{E238A167-44E8-49B3-9C36-752BB5F2D544}.AppStore|Any CPU.Deploy.0 = Debug|Any CPU
		{E238A167-44E8-49B3-9C36-752BB5F2D544}.AppStore|ARM.ActiveCfg = Debug|Any CPU
		{E238A167-44E8-49B3-9C36-752BB5F2D544}.AppStore|ARM.Build.0 = Debug|Any CPU
		{E238A167-44E8-49B3-9C36-752BB5F2D544}.AppStore|iPhone.ActiveCfg = Debug|Any CPU
		{E238A167-44E8-49B3-9C36-752BB5F2D544}.AppStore|iPhone.Build.0 = Debug|Any CPU
		{E238A167-44E8-49B3-9C36-752BB5F2D544}.AppStore|iPhone.Deploy.0 = Debug|Any CPU
		{E238A167-44E8-49B3-9C36-752BB5F2D544}.AppStore|iPhoneSimulator.ActiveCfg = Debug|Any CPU
		{E238A167-44E8-49B3-9C36-752BB5F2D544}.AppStore|iPhoneSimulator.Build.0 = Debug|Any CPU
		{E238A167-44E8-49B3-9C36-752BB5F2D544}.AppStore|iPhoneSimulator.Deploy.0 = Debug|Any CPU
		{E238A167-44E8-49B3-9C36-752BB5F2D544}.Debug|Any CPU.ActiveCfg = Debug|Any CPU
		{E238A167-44E8-49B3-9C36-752BB5F2D544}.Debug|Any CPU.Build.0 = Debug|Any CPU
		{E238A167-44E8-49B3-9C36-752BB5F2D544}.Debug|Any CPU.Deploy.0 = Debug|Any CPU
		{E238A167-44E8-49B3-9C36-752BB5F2D544}.Debug|ARM.ActiveCfg = Debug|Any CPU
		{E238A167-44E8-49B3-9C36-752BB5F2D544}.Debug|ARM.Build.0 = Debug|Any CPU
		{E238A167-44E8-49B3-9C36-752BB5F2D544}.Debug|iPhone.ActiveCfg = Debug|Any CPU
		{E238A167-44E8-49B3-9C36-752BB5F2D544}.Debug|iPhone.Build.0 = Debug|Any CPU
		{E238A167-44E8-49B3-9C36-752BB5F2D544}.Debug|iPhone.Deploy.0 = Debug|Any CPU
		{E238A167-44E8-49B3-9C36-752BB5F2D544}.Debug|iPhoneSimulator.ActiveCfg = Debug|Any CPU
		{E238A167-44E8-49B3-9C36-752BB5F2D544}.Debug|iPhoneSimulator.Build.0 = Debug|Any CPU
		{E238A167-44E8-49B3-9C36-752BB5F2D544}.Debug|iPhoneSimulator.Deploy.0 = Debug|Any CPU
		{E238A167-44E8-49B3-9C36-752BB5F2D544}.Release|Any CPU.ActiveCfg = Release|Any CPU
		{E238A167-44E8-49B3-9C36-752BB5F2D544}.Release|Any CPU.Build.0 = Release|Any CPU
		{E238A167-44E8-49B3-9C36-752BB5F2D544}.Release|Any CPU.Deploy.0 = Release|Any CPU
		{E238A167-44E8-49B3-9C36-752BB5F2D544}.Release|ARM.ActiveCfg = Release|Any CPU
		{E238A167-44E8-49B3-9C36-752BB5F2D544}.Release|ARM.Build.0 = Release|Any CPU
		{E238A167-44E8-49B3-9C36-752BB5F2D544}.Release|iPhone.ActiveCfg = Release|Any CPU
		{E238A167-44E8-49B3-9C36-752BB5F2D544}.Release|iPhone.Build.0 = Release|Any CPU
		{E238A167-44E8-49B3-9C36-752BB5F2D544}.Release|iPhone.Deploy.0 = Release|Any CPU
		{E238A167-44E8-49B3-9C36-752BB5F2D544}.Release|iPhoneSimulator.ActiveCfg = Release|Any CPU
		{E238A167-44E8-49B3-9C36-752BB5F2D544}.Release|iPhoneSimulator.Build.0 = Release|Any CPU
		{E238A167-44E8-49B3-9C36-752BB5F2D544}.Release|iPhoneSimulator.Deploy.0 = Release|Any CPU
	EndGlobalSection
	GlobalSection(SolutionProperties) = preSolution
		HideSolutionNode = FALSE
	EndGlobalSection
	GlobalSection(ExtensibilityGlobals) = postSolution
		SolutionGuid = {DBBBD690-8C17-47A7-97F9-AAF6410B852E}
	EndGlobalSection
EndGlobal
